{
  "version": 4,
  "terraform_version": "0.14.5",
  "serial": 134,
  "lineage": "5a5a1e15-39dd-a299-58fb-147d56c45452",
  "outputs": {},
  "resources": [
    {
      "mode": "data",
      "type": "aws_subnet_ids",
      "name": "default",
      "provider": "provider[\"registry.terraform.io/hashicorp/aws\"]",
      "instances": [
        {
          "schema_version": 0,
          "attributes": {
            "filter": null,
            "id": "vpc-bd9edbd8",
            "ids": [
              "subnet-10ffd975",
              "subnet-e02ba197",
              "subnet-f1aa60a8"
            ],
            "tags": null,
            "vpc_id": "vpc-bd9edbd8"
          },
          "sensitive_attributes": []
        }
      ]
    },
    {
      "mode": "data",
      "type": "aws_vpc",
      "name": "default",
      "provider": "provider[\"registry.terraform.io/hashicorp/aws\"]",
      "instances": [
        {
          "schema_version": 0,
          "attributes": {
            "arn": "arn:aws:ec2:sa-east-1:517684923839:vpc/vpc-bd9edbd8",
            "cidr_block": "172.31.0.0/16",
            "cidr_block_associations": [
              {
                "association_id": "vpc-cidr-assoc-053ed46c",
                "cidr_block": "172.31.0.0/16",
                "state": "associated"
              }
            ],
            "default": true,
            "dhcp_options_id": "dopt-4bc9242e",
            "enable_dns_hostnames": true,
            "enable_dns_support": true,
            "filter": null,
            "id": "vpc-bd9edbd8",
            "instance_tenancy": "default",
            "ipv6_association_id": null,
            "ipv6_cidr_block": null,
            "main_route_table_id": "rtb-4fb50f2a",
            "owner_id": "517684923839",
            "state": "available",
            "tags": {}
          },
          "sensitive_attributes": []
        }
      ]
    },
    {
      "mode": "managed",
      "type": "aws_lb",
      "name": "twitterpy",
      "provider": "provider[\"registry.terraform.io/hashicorp/aws\"]",
      "instances": [
        {
          "schema_version": 0,
          "attributes": {
            "access_logs": [
              {
                "bucket": "",
                "enabled": false,
                "prefix": ""
              }
            ],
            "arn": "arn:aws:elasticloadbalancing:sa-east-1:517684923839:loadbalancer/app/twitterpy-lb-tf/63093bab73a921b2",
            "arn_suffix": "app/twitterpy-lb-tf/63093bab73a921b2",
            "dns_name": "twitterpy-lb-tf-3728274.sa-east-1.elb.amazonaws.com",
            "enable_cross_zone_load_balancing": null,
            "enable_deletion_protection": true,
            "enable_http2": true,
            "id": "arn:aws:elasticloadbalancing:sa-east-1:517684923839:loadbalancer/app/twitterpy-lb-tf/63093bab73a921b2",
            "idle_timeout": 60,
            "internal": false,
            "ip_address_type": "ipv4",
            "load_balancer_type": "application",
            "name": "twitterpy-lb-tf",
            "name_prefix": null,
            "security_groups": [
              "sg-078b9e7ca3dccf188"
            ],
            "subnet_mapping": [
              {
                "allocation_id": "",
                "subnet_id": "subnet-10ffd975"
              },
              {
                "allocation_id": "",
                "subnet_id": "subnet-e02ba197"
              },
              {
                "allocation_id": "",
                "subnet_id": "subnet-f1aa60a8"
              }
            ],
            "subnets": [
              "subnet-10ffd975",
              "subnet-e02ba197",
              "subnet-f1aa60a8"
            ],
            "tags": {
              "Environment": "production"
            },
            "timeouts": null,
            "vpc_id": "vpc-bd9edbd8",
            "zone_id": "Z2P70J7HTTTPLU"
          },
          "sensitive_attributes": []
        }
      ]
    },
    {
      "mode": "managed",
      "type": "aws_rds_cluster",
      "name": "default",
      "provider": "provider[\"registry.terraform.io/hashicorp/aws\"]",
      "instances": [
        {
          "schema_version": 0,
          "attributes": {
            "apply_immediately": null,
            "arn": "arn:aws:rds:sa-east-1:517684923839:cluster:twitterpy-cluster-rds",
            "availability_zones": [
              "sa-east-1a",
              "sa-east-1b",
              "sa-east-1c"
            ],
            "backtrack_window": 0,
            "backup_retention_period": 1,
            "cluster_identifier": "twitterpy-cluster-rds",
            "cluster_identifier_prefix": null,
            "cluster_members": [],
            "cluster_resource_id": "cluster-BA2BHLWW3N4YPC3K27XMDKJ4IQ",
            "copy_tags_to_snapshot": false,
            "database_name": "twitterpy",
            "db_cluster_parameter_group_name": "default.aurora5.6",
            "db_subnet_group_name": "default",
            "deletion_protection": false,
            "enabled_cloudwatch_logs_exports": null,
            "endpoint": "twitterpy-cluster-rds.cluster-co6wok325xgm.sa-east-1.rds.amazonaws.com",
            "engine": "aurora",
            "engine_mode": "provisioned",
            "engine_version": "5.6.mysql_aurora.1.22.2",
            "final_snapshot_identifier": null,
            "global_cluster_identifier": "",
            "hosted_zone_id": "ZLRUIUX7Z3ZF7",
            "iam_database_authentication_enabled": false,
            "iam_roles": null,
            "id": "twitterpy-cluster-rds",
            "kms_key_id": "",
            "master_password": "twitterpy",
            "master_username": "twitterpy",
            "port": 3306,
            "preferred_backup_window": "06:28-06:58",
            "preferred_maintenance_window": "wed:02:54-wed:03:24",
            "reader_endpoint": "twitterpy-cluster-rds.cluster-ro-co6wok325xgm.sa-east-1.rds.amazonaws.com",
            "replication_source_identifier": "",
            "s3_import": [],
            "scaling_configuration": [],
            "skip_final_snapshot": false,
            "snapshot_identifier": null,
            "source_region": null,
            "storage_encrypted": false,
            "tags": null,
            "timeouts": null,
            "vpc_security_group_ids": [
              "sg-fda1c198"
            ]
          },
          "sensitive_attributes": []
        }
      ]
    },
    {
      "mode": "managed",
      "type": "aws_security_group",
      "name": "alb",
      "provider": "provider[\"registry.terraform.io/hashicorp/aws\"]",
      "instances": [
        {
          "schema_version": 1,
          "attributes": {
            "arn": "arn:aws:ec2:sa-east-1:517684923839:security-group/sg-078b9e7ca3dccf188",
            "description": "Managed by Terraform",
            "egress": [
              {
                "cidr_blocks": [
                  "0.0.0.0/0"
                ],
                "description": "",
                "from_port": 0,
                "ipv6_cidr_blocks": [],
                "prefix_list_ids": [],
                "protocol": "-1",
                "security_groups": [],
                "self": false,
                "to_port": 0
              }
            ],
            "id": "sg-078b9e7ca3dccf188",
            "ingress": [
              {
                "cidr_blocks": [
                  "0.0.0.0/0"
                ],
                "description": "",
                "from_port": 80,
                "ipv6_cidr_blocks": [],
                "prefix_list_ids": [],
                "protocol": "tcp",
                "security_groups": [],
                "self": false,
                "to_port": 80
              }
            ],
            "name": "http_lb",
            "name_prefix": null,
            "owner_id": "517684923839",
            "revoke_rules_on_delete": false,
            "tags": {},
            "timeouts": null,
            "vpc_id": "vpc-bd9edbd8"
          },
          "sensitive_attributes": []
        }
      ]
    }
  ]
}
