{
  "version": 4,
  "terraform_version": "0.14.5",
  "serial": 11,
  "lineage": "5a5a1e15-39dd-a299-58fb-147d56c45452",
  "outputs": {
    "alb_dns_name": {
      "value": "twitterpy-lb-tf-3728274.sa-east-1.elb.amazonaws.com",
      "type": "string"
    }
  },
  "resources": [
    {
      "mode": "data",
      "type": "aws_availability_zones",
      "name": "all",
      "provider": "provider[\"registry.terraform.io/hashicorp/aws\"]",
      "instances": [
        {
          "schema_version": 0,
          "attributes": {
            "blacklisted_names": null,
            "blacklisted_zone_ids": null,
            "id": "2021-01-25 14:49:20.581778828 +0000 UTC",
            "names": [
              "sa-east-1a",
              "sa-east-1b",
              "sa-east-1c"
            ],
            "state": "available",
            "zone_ids": [
              "sae1-az1",
              "sae1-az2",
              "sae1-az3"
            ]
          },
          "sensitive_attributes": []
        }
      ]
    },
    {
      "mode": "data",
      "type": "aws_elb_service_account",
      "name": "main",
      "provider": "provider[\"registry.terraform.io/hashicorp/aws\"]",
      "instances": [
        {
          "schema_version": 0,
          "attributes": {
            "arn": "arn:aws:iam::507241528517:root",
            "id": "507241528517",
            "region": null
          },
          "sensitive_attributes": []
        }
      ]
    },
    {
      "mode": "data",
      "type": "aws_subnet_ids",
      "name": "default",
      "provider": "provider[\"registry.terraform.io/hashicorp/aws\"]",
      "instances": [
        {
          "schema_version": 0,
          "attributes": {
            "filter": null,
            "id": "vpc-bd9edbd8",
            "ids": [
              "subnet-10ffd975",
              "subnet-e02ba197",
              "subnet-f1aa60a8"
            ],
            "tags": null,
            "vpc_id": "vpc-bd9edbd8"
          },
          "sensitive_attributes": []
        }
      ]
    },
    {
      "mode": "data",
      "type": "aws_vpc",
      "name": "default",
      "provider": "provider[\"registry.terraform.io/hashicorp/aws\"]",
      "instances": [
        {
          "schema_version": 0,
          "attributes": {
            "arn": "arn:aws:ec2:sa-east-1:517684923839:vpc/vpc-bd9edbd8",
            "cidr_block": "172.31.0.0/16",
            "cidr_block_associations": [
              {
                "association_id": "vpc-cidr-assoc-053ed46c",
                "cidr_block": "172.31.0.0/16",
                "state": "associated"
              }
            ],
            "default": true,
            "dhcp_options_id": "dopt-4bc9242e",
            "enable_dns_hostnames": true,
            "enable_dns_support": true,
            "filter": null,
            "id": "vpc-bd9edbd8",
            "instance_tenancy": "default",
            "ipv6_association_id": null,
            "ipv6_cidr_block": null,
            "main_route_table_id": "rtb-4fb50f2a",
            "owner_id": "517684923839",
            "state": "available",
            "tags": {}
          },
          "sensitive_attributes": []
        }
      ]
    },
    {
      "mode": "managed",
      "type": "aws_autoscaling_group",
      "name": "twitterpy",
      "provider": "provider[\"registry.terraform.io/hashicorp/aws\"]",
      "instances": [
        {
          "schema_version": 0,
          "attributes": {
            "arn": "arn:aws:autoscaling:sa-east-1:517684923839:autoScalingGroup:76b7ae09-4546-4a8d-a360-ac81a15908de:autoScalingGroupName/tf-asg-20210125144959368900000002",
            "availability_zones": [
              "sa-east-1a",
              "sa-east-1b",
              "sa-east-1c"
            ],
            "default_cooldown": 300,
            "desired_capacity": 2,
            "enabled_metrics": null,
            "force_delete": false,
            "health_check_grace_period": 300,
            "health_check_type": "ELB",
            "id": "tf-asg-20210125144959368900000002",
            "initial_lifecycle_hook": [],
            "launch_configuration": "twitterpy20210125144957998700000001",
            "launch_template": [],
            "load_balancers": [],
            "max_size": 10,
            "metrics_granularity": "1Minute",
            "min_elb_capacity": null,
            "min_size": 2,
            "mixed_instances_policy": [],
            "name": "tf-asg-20210125144959368900000002",
            "name_prefix": null,
            "placement_group": "",
            "protect_from_scale_in": false,
            "service_linked_role_arn": "arn:aws:iam::517684923839:role/aws-service-role/autoscaling.amazonaws.com/AWSServiceRoleForAutoScaling",
            "suspended_processes": null,
            "tag": [
              {
                "key": "Name",
                "propagate_at_launch": true,
                "value": "terraform-asg-twitterpy"
              }
            ],
            "tags": null,
            "target_group_arns": [
              "arn:aws:elasticloadbalancing:sa-east-1:517684923839:targetgroup/terraform-asg-twitterpy/4cdeac01afab0c26"
            ],
            "termination_policies": null,
            "timeouts": null,
            "vpc_zone_identifier": [],
            "wait_for_capacity_timeout": "10m",
            "wait_for_elb_capacity": null
          },
          "sensitive_attributes": [],
          "private": "eyJlMmJmYjczMC1lY2FhLTExZTYtOGY4OC0zNDM2M2JjN2M0YzAiOnsiZGVsZXRlIjo2MDAwMDAwMDAwMDB9fQ==",
          "dependencies": [
            "aws_launch_configuration.twitterpy",
            "aws_lb_target_group.asg",
            "aws_security_group.instance",
            "aws_security_group.ssh",
            "data.aws_availability_zones.all",
            "data.aws_vpc.default"
          ]
        }
      ]
    },
    {
      "mode": "managed",
      "type": "aws_key_pair",
      "name": "deployer",
      "provider": "provider[\"registry.terraform.io/hashicorp/aws\"]",
      "instances": [
        {
          "schema_version": 1,
          "attributes": {
            "fingerprint": "20:a6:7a:cb:d6:b0:27:17:7f:0d:71:80:c5:c7:21:bc",
            "id": "deployer-key",
            "key_name": "deployer-key",
            "key_name_prefix": null,
            "public_key": "ssh-rsa AAAAB3NzaC1yc2EAAAADAQABAAABgQCpCbkRakcTGVeREcZSH/fHROMlemUJyZ+oHRAhfjBMDFErmq/jyhROvWtD7yOX7TFL3qqPK66K+D0/08T2xNw7ZFNGY76Ceh1RX22bhpv9Lp3M75nsh0XYK0FxfFfhARLiZtGNIFiziPqt1lOuy9yIV/KSduf5LmpiGs+B2X3DEGhGg4C7bvAZjLiW9rIp0tAaoXA2NzAPZbaK8DMA+oKRPgmwC6ZX/b/sgJy4HJcMoC2k9egf3nkM5ROjHf4n1OEE4xIuVDOVkBbKTSGJHojAUocldGji3XQBAz6KjzBqXSYDCnQPn+h5fDcTvYj2doLr8z1voV92jFqSLAVCZk9B89FZ2JNzHLguM5W+hcD7bUAO0OOxS+DIgnzJkeyMY0wh9Pot0GMAoZZVmH9Knwyof016dAMMSEFuvPj3I11/Gk3JVUdR57E5eHfskwheRupZtEA71FKml9R4zIrEXCe1Lm13KqN/+gjoKECEbdscrXHGL2e/9cnBo0OD8QkxiYc= eduardo@Eduardos-MBP"
          },
          "sensitive_attributes": [],
          "private": "eyJzY2hlbWFfdmVyc2lvbiI6IjEifQ=="
        }
      ]
    },
    {
      "mode": "managed",
      "type": "aws_launch_configuration",
      "name": "twitterpy",
      "provider": "provider[\"registry.terraform.io/hashicorp/aws\"]",
      "instances": [
        {
          "schema_version": 0,
          "attributes": {
            "associate_public_ip_address": false,
            "ebs_block_device": [],
            "ebs_optimized": false,
            "enable_monitoring": true,
            "ephemeral_block_device": [],
            "iam_instance_profile": "",
            "id": "twitterpy20210125144957998700000001",
            "image_id": "ami-05494b93950efa2fd",
            "instance_type": "t2.micro",
            "key_name": "deployer-key",
            "name": "twitterpy20210125144957998700000001",
            "name_prefix": "twitterpy",
            "placement_tenancy": null,
            "root_block_device": [],
            "security_groups": [
              "sg-01fe8157489df2d2c",
              "sg-06013b72cc0db1f32"
            ],
            "spot_price": "",
            "user_data": "c765373c563b260626d113c4a56a46e8a8c5ca33",
            "user_data_base64": null,
            "vpc_classic_link_id": "",
            "vpc_classic_link_security_groups": null
          },
          "sensitive_attributes": [],
          "private": "bnVsbA==",
          "dependencies": [
            "aws_security_group.instance",
            "aws_security_group.ssh"
          ],
          "create_before_destroy": true
        }
      ]
    },
    {
      "mode": "managed",
      "type": "aws_lb",
      "name": "twitterpy",
      "provider": "provider[\"registry.terraform.io/hashicorp/aws\"]",
      "instances": [
        {
          "schema_version": 0,
          "attributes": {
            "access_logs": [
              {
                "bucket": "",
                "enabled": false,
                "prefix": ""
              }
            ],
            "arn": "arn:aws:elasticloadbalancing:sa-east-1:517684923839:loadbalancer/app/twitterpy-lb-tf/63093bab73a921b2",
            "arn_suffix": "app/twitterpy-lb-tf/63093bab73a921b2",
            "dns_name": "twitterpy-lb-tf-3728274.sa-east-1.elb.amazonaws.com",
            "enable_cross_zone_load_balancing": null,
            "enable_deletion_protection": true,
            "enable_http2": true,
            "id": "arn:aws:elasticloadbalancing:sa-east-1:517684923839:loadbalancer/app/twitterpy-lb-tf/63093bab73a921b2",
            "idle_timeout": 60,
            "internal": false,
            "ip_address_type": "ipv4",
            "load_balancer_type": "application",
            "name": "twitterpy-lb-tf",
            "name_prefix": null,
            "security_groups": [
              "sg-078b9e7ca3dccf188"
            ],
            "subnet_mapping": [
              {
                "allocation_id": "",
                "subnet_id": "subnet-10ffd975"
              },
              {
                "allocation_id": "",
                "subnet_id": "subnet-e02ba197"
              },
              {
                "allocation_id": "",
                "subnet_id": "subnet-f1aa60a8"
              }
            ],
            "subnets": [
              "subnet-10ffd975",
              "subnet-e02ba197",
              "subnet-f1aa60a8"
            ],
            "tags": {
              "Environment": "production"
            },
            "timeouts": null,
            "vpc_id": "vpc-bd9edbd8",
            "zone_id": "Z2P70J7HTTTPLU"
          },
          "sensitive_attributes": [],
          "private": "eyJlMmJmYjczMC1lY2FhLTExZTYtOGY4OC0zNDM2M2JjN2M0YzAiOnsiY3JlYXRlIjo2MDAwMDAwMDAwMDAsImRlbGV0ZSI6NjAwMDAwMDAwMDAwLCJ1cGRhdGUiOjYwMDAwMDAwMDAwMH19",
          "dependencies": [
            "aws_security_group.alb",
            "data.aws_subnet_ids.default"
          ]
        }
      ]
    },
    {
      "mode": "managed",
      "type": "aws_lb_listener",
      "name": "http",
      "provider": "provider[\"registry.terraform.io/hashicorp/aws\"]",
      "instances": [
        {
          "schema_version": 0,
          "attributes": {
            "arn": "arn:aws:elasticloadbalancing:sa-east-1:517684923839:listener/app/twitterpy-lb-tf/63093bab73a921b2/3fd8a44d4e225eac",
            "certificate_arn": null,
            "default_action": [
              {
                "authenticate_cognito": [],
                "authenticate_oidc": [],
                "fixed_response": [
                  {
                    "content_type": "text/plain",
                    "message_body": "404: page not found",
                    "status_code": "404"
                  }
                ],
                "order": 1,
                "redirect": [],
                "target_group_arn": "",
                "type": "fixed-response"
              }
            ],
            "id": "arn:aws:elasticloadbalancing:sa-east-1:517684923839:listener/app/twitterpy-lb-tf/63093bab73a921b2/3fd8a44d4e225eac",
            "load_balancer_arn": "arn:aws:elasticloadbalancing:sa-east-1:517684923839:loadbalancer/app/twitterpy-lb-tf/63093bab73a921b2",
            "port": 80,
            "protocol": "HTTP",
            "ssl_policy": "",
            "timeouts": null
          },
          "sensitive_attributes": [],
          "private": "eyJlMmJmYjczMC1lY2FhLTExZTYtOGY4OC0zNDM2M2JjN2M0YzAiOnsicmVhZCI6NjAwMDAwMDAwMDAwfX0=",
          "dependencies": [
            "aws_lb.twitterpy",
            "aws_security_group.alb",
            "data.aws_subnet_ids.default"
          ]
        }
      ]
    },
    {
      "mode": "managed",
      "type": "aws_lb_listener_rule",
      "name": "asg",
      "provider": "provider[\"registry.terraform.io/hashicorp/aws\"]",
      "instances": [
        {
          "schema_version": 0,
          "attributes": {
            "action": [
              {
                "authenticate_cognito": [],
                "authenticate_oidc": [],
                "fixed_response": [],
                "order": 1,
                "redirect": [],
                "target_group_arn": "arn:aws:elasticloadbalancing:sa-east-1:517684923839:targetgroup/terraform-asg-twitterpy/4cdeac01afab0c26",
                "type": "forward"
              }
            ],
            "arn": "arn:aws:elasticloadbalancing:sa-east-1:517684923839:listener-rule/app/twitterpy-lb-tf/63093bab73a921b2/3fd8a44d4e225eac/e6e4d79b031519a2",
            "condition": [
              {
                "field": "path-pattern",
                "values": [
                  "*"
                ]
              }
            ],
            "id": "arn:aws:elasticloadbalancing:sa-east-1:517684923839:listener-rule/app/twitterpy-lb-tf/63093bab73a921b2/3fd8a44d4e225eac/e6e4d79b031519a2",
            "listener_arn": "arn:aws:elasticloadbalancing:sa-east-1:517684923839:listener/app/twitterpy-lb-tf/63093bab73a921b2/3fd8a44d4e225eac",
            "priority": 100
          },
          "sensitive_attributes": [],
          "private": "bnVsbA==",
          "dependencies": [
            "aws_lb.twitterpy",
            "aws_lb_listener.http",
            "aws_lb_target_group.asg",
            "aws_security_group.alb",
            "data.aws_subnet_ids.default",
            "data.aws_vpc.default"
          ]
        }
      ]
    },
    {
      "mode": "managed",
      "type": "aws_lb_target_group",
      "name": "asg",
      "provider": "provider[\"registry.terraform.io/hashicorp/aws\"]",
      "instances": [
        {
          "schema_version": 0,
          "attributes": {
            "arn": "arn:aws:elasticloadbalancing:sa-east-1:517684923839:targetgroup/terraform-asg-twitterpy/4cdeac01afab0c26",
            "arn_suffix": "targetgroup/terraform-asg-twitterpy/4cdeac01afab0c26",
            "deregistration_delay": 300,
            "health_check": [
              {
                "enabled": true,
                "healthy_threshold": 2,
                "interval": 15,
                "matcher": "200",
                "path": "/",
                "port": "traffic-port",
                "protocol": "HTTP",
                "timeout": 3,
                "unhealthy_threshold": 2
              }
            ],
            "id": "arn:aws:elasticloadbalancing:sa-east-1:517684923839:targetgroup/terraform-asg-twitterpy/4cdeac01afab0c26",
            "lambda_multi_value_headers_enabled": false,
            "name": "terraform-asg-twitterpy",
            "name_prefix": null,
            "port": 8080,
            "protocol": "HTTP",
            "proxy_protocol_v2": false,
            "slow_start": 0,
            "stickiness": [
              {
                "cookie_duration": 86400,
                "enabled": false,
                "type": "lb_cookie"
              }
            ],
            "tags": null,
            "target_type": "instance",
            "vpc_id": "vpc-bd9edbd8"
          },
          "sensitive_attributes": [],
          "private": "bnVsbA==",
          "dependencies": [
            "data.aws_vpc.default"
          ]
        }
      ]
    },
    {
      "mode": "managed",
      "type": "aws_security_group",
      "name": "alb",
      "provider": "provider[\"registry.terraform.io/hashicorp/aws\"]",
      "instances": [
        {
          "schema_version": 1,
          "attributes": {
            "arn": "arn:aws:ec2:sa-east-1:517684923839:security-group/sg-078b9e7ca3dccf188",
            "description": "Managed by Terraform",
            "egress": [
              {
                "cidr_blocks": [
                  "0.0.0.0/0"
                ],
                "description": "",
                "from_port": 0,
                "ipv6_cidr_blocks": [],
                "prefix_list_ids": [],
                "protocol": "-1",
                "security_groups": [],
                "self": false,
                "to_port": 0
              }
            ],
            "id": "sg-078b9e7ca3dccf188",
            "ingress": [
              {
                "cidr_blocks": [
                  "0.0.0.0/0"
                ],
                "description": "",
                "from_port": 80,
                "ipv6_cidr_blocks": [],
                "prefix_list_ids": [],
                "protocol": "tcp",
                "security_groups": [],
                "self": false,
                "to_port": 80
              }
            ],
            "name": "http_lb",
            "name_prefix": null,
            "owner_id": "517684923839",
            "revoke_rules_on_delete": false,
            "tags": null,
            "timeouts": null,
            "vpc_id": "vpc-bd9edbd8"
          },
          "sensitive_attributes": [],
          "private": "eyJlMmJmYjczMC1lY2FhLTExZTYtOGY4OC0zNDM2M2JjN2M0YzAiOnsiY3JlYXRlIjo2MDAwMDAwMDAwMDAsImRlbGV0ZSI6NjAwMDAwMDAwMDAwfSwic2NoZW1hX3ZlcnNpb24iOiIxIn0="
        }
      ]
    },
    {
      "mode": "managed",
      "type": "aws_security_group",
      "name": "instance",
      "provider": "provider[\"registry.terraform.io/hashicorp/aws\"]",
      "instances": [
        {
          "schema_version": 1,
          "attributes": {
            "arn": "arn:aws:ec2:sa-east-1:517684923839:security-group/sg-01fe8157489df2d2c",
            "description": "Managed by Terraform",
            "egress": [],
            "id": "sg-01fe8157489df2d2c",
            "ingress": [
              {
                "cidr_blocks": [
                  "0.0.0.0/0"
                ],
                "description": "",
                "from_port": 8080,
                "ipv6_cidr_blocks": [],
                "prefix_list_ids": [],
                "protocol": "tcp",
                "security_groups": [],
                "self": false,
                "to_port": 8080
              }
            ],
            "name": "http_node",
            "name_prefix": null,
            "owner_id": "517684923839",
            "revoke_rules_on_delete": false,
            "tags": null,
            "timeouts": null,
            "vpc_id": "vpc-bd9edbd8"
          },
          "sensitive_attributes": [],
          "private": "eyJlMmJmYjczMC1lY2FhLTExZTYtOGY4OC0zNDM2M2JjN2M0YzAiOnsiY3JlYXRlIjo2MDAwMDAwMDAwMDAsImRlbGV0ZSI6NjAwMDAwMDAwMDAwfSwic2NoZW1hX3ZlcnNpb24iOiIxIn0=",
          "create_before_destroy": true
        }
      ]
    },
    {
      "mode": "managed",
      "type": "aws_security_group",
      "name": "ssh",
      "provider": "provider[\"registry.terraform.io/hashicorp/aws\"]",
      "instances": [
        {
          "schema_version": 1,
          "attributes": {
            "arn": "arn:aws:ec2:sa-east-1:517684923839:security-group/sg-06013b72cc0db1f32",
            "description": "Managed by Terraform",
            "egress": [],
            "id": "sg-06013b72cc0db1f32",
            "ingress": [
              {
                "cidr_blocks": [
                  "0.0.0.0/0"
                ],
                "description": "",
                "from_port": 22,
                "ipv6_cidr_blocks": [],
                "prefix_list_ids": [],
                "protocol": "tcp",
                "security_groups": [],
                "self": false,
                "to_port": 22
              }
            ],
            "name": "ssh",
            "name_prefix": null,
            "owner_id": "517684923839",
            "revoke_rules_on_delete": false,
            "tags": null,
            "timeouts": null,
            "vpc_id": "vpc-bd9edbd8"
          },
          "sensitive_attributes": [],
          "private": "eyJlMmJmYjczMC1lY2FhLTExZTYtOGY4OC0zNDM2M2JjN2M0YzAiOnsiY3JlYXRlIjo2MDAwMDAwMDAwMDAsImRlbGV0ZSI6NjAwMDAwMDAwMDAwfSwic2NoZW1hX3ZlcnNpb24iOiIxIn0=",
          "create_before_destroy": true
        }
      ]
    }
  ]
}
